
Microsoft Visual Studio Solution File, Format Version 12.00
# Visual Studio Version 17
VisualStudioVersion = 17.5.002.0
MinimumVisualStudioVersion = 10.0.40219.1
Project("{9A19103F-16F7-4668-BE54-9A1E7A4F7556}") = "CompanyEmployee", "CompanyEmployee.csproj", "{7D39DE32-F886-425C-84B9-19BCB8C18933}"
EndProject
Project("{FAE04EC0-301F-11D3-BF4B-00C04F79EFBC}") = "Contracts", "Contracts\Contracts.csproj", "{970A7B0D-6769-4F8F-88CF-4EE51C33D1DA}"
EndProject
Project("{FAE04EC0-301F-11D3-BF4B-00C04F79EFBC}") = "LoggerService", "LoggerService\LoggerService.csproj", "{904368C7-1F46-4C9E-9BFE-56D129293AEF}"
EndProject
Project("{FAE04EC0-301F-11D3-BF4B-00C04F79EFBC}") = "Entities", "Entities\Entities.csproj", "{0FB946EA-7B88-449D-970A-9C38B186CF5A}"
EndProject
Global
	GlobalSection(SolutionConfigurationPlatforms) = preSolution
		Debug|Any CPU = Debug|Any CPU
		Release|Any CPU = Release|Any CPU
	EndGlobalSection
	GlobalSection(ProjectConfigurationPlatforms) = postSolution
		{7D39DE32-F886-425C-84B9-19BCB8C18933}.Debug|Any CPU.ActiveCfg = Debug|Any CPU
		{7D39DE32-F886-425C-84B9-19BCB8C18933}.Debug|Any CPU.Build.0 = Debug|Any CPU
		{7D39DE32-F886-425C-84B9-19BCB8C18933}.Release|Any CPU.ActiveCfg = Release|Any CPU
		{7D39DE32-F886-425C-84B9-19BCB8C18933}.Release|Any CPU.Build.0 = Release|Any CPU
		{970A7B0D-6769-4F8F-88CF-4EE51C33D1DA}.Debug|Any CPU.ActiveCfg = Debug|Any CPU
		{970A7B0D-6769-4F8F-88CF-4EE51C33D1DA}.Debug|Any CPU.Build.0 = Debug|Any CPU
		{970A7B0D-6769-4F8F-88CF-4EE51C33D1DA}.Release|Any CPU.ActiveCfg = Release|Any CPU
		{970A7B0D-6769-4F8F-88CF-4EE51C33D1DA}.Release|Any CPU.Build.0 = Release|Any CPU
		{904368C7-1F46-4C9E-9BFE-56D129293AEF}.Debug|Any CPU.ActiveCfg = Debug|Any CPU
		{904368C7-1F46-4C9E-9BFE-56D129293AEF}.Debug|Any CPU.Build.0 = Debug|Any CPU
		{904368C7-1F46-4C9E-9BFE-56D129293AEF}.Release|Any CPU.ActiveCfg = Release|Any CPU
		{904368C7-1F46-4C9E-9BFE-56D129293AEF}.Release|Any CPU.Build.0 = Release|Any CPU
		{0FB946EA-7B88-449D-970A-9C38B186CF5A}.Debug|Any CPU.ActiveCfg = Debug|Any CPU
		{0FB946EA-7B88-449D-970A-9C38B186CF5A}.Debug|Any CPU.Build.0 = Debug|Any CPU
		{0FB946EA-7B88-449D-970A-9C38B186CF5A}.Release|Any CPU.ActiveCfg = Release|Any CPU
		{0FB946EA-7B88-449D-970A-9C38B186CF5A}.Release|Any CPU.Build.0 = Release|Any CPU
	EndGlobalSection
	GlobalSection(SolutionProperties) = preSolution
		HideSolutionNode = FALSE
	EndGlobalSection
	GlobalSection(ExtensibilityGlobals) = postSolution
		SolutionGuid = {7F98F52D-619A-47B0-B00B-68A90D2F1114}
	EndGlobalSection
EndGlobal
