
Microsoft Visual Studio Solution File, Format Version 12.00
Project("{FAE04EC0-301F-11D3-BF4B-00C04F79EFBC}") = "TeamManagement", "TeamManagement\TeamManagement.csproj", "{345D7D45-BF60-4A9C-B1F9-B17D1ECE316A}"
EndProject
Project("{FAE04EC0-301F-11D3-BF4B-00C04F79EFBC}") = "Contracts", "Contracts\Contracts.csproj", "{ADAC7D54-24AD-4DD8-88F1-3B5429B72D40}"
EndProject
Project("{FAE04EC0-301F-11D3-BF4B-00C04F79EFBC}") = "LoggerService", "LoggerService\LoggerService.csproj", "{0007B3D7-B448-4B8B-977C-5210742B2266}"
EndProject
Project("{FAE04EC0-301F-11D3-BF4B-00C04F79EFBC}") = "Entities", "Entities\Entities.csproj", "{02C89B61-C3E8-4061-A34E-2866DED53F81}"
EndProject
Project("{FAE04EC0-301F-11D3-BF4B-00C04F79EFBC}") = "Repository", "Repository\Repository.csproj", "{6678E434-9A1A-47D2-8BCD-4EA88A8F8722}"
EndProject
Global
	GlobalSection(SolutionConfigurationPlatforms) = preSolution
		Debug|Any CPU = Debug|Any CPU
		Release|Any CPU = Release|Any CPU
	EndGlobalSection
	GlobalSection(ProjectConfigurationPlatforms) = postSolution
		{345D7D45-BF60-4A9C-B1F9-B17D1ECE316A}.Debug|Any CPU.ActiveCfg = Debug|Any CPU
		{345D7D45-BF60-4A9C-B1F9-B17D1ECE316A}.Debug|Any CPU.Build.0 = Debug|Any CPU
		{345D7D45-BF60-4A9C-B1F9-B17D1ECE316A}.Release|Any CPU.ActiveCfg = Release|Any CPU
		{345D7D45-BF60-4A9C-B1F9-B17D1ECE316A}.Release|Any CPU.Build.0 = Release|Any CPU
		{ADAC7D54-24AD-4DD8-88F1-3B5429B72D40}.Debug|Any CPU.ActiveCfg = Debug|Any CPU
		{ADAC7D54-24AD-4DD8-88F1-3B5429B72D40}.Debug|Any CPU.Build.0 = Debug|Any CPU
		{ADAC7D54-24AD-4DD8-88F1-3B5429B72D40}.Release|Any CPU.ActiveCfg = Release|Any CPU
		{ADAC7D54-24AD-4DD8-88F1-3B5429B72D40}.Release|Any CPU.Build.0 = Release|Any CPU
		{0007B3D7-B448-4B8B-977C-5210742B2266}.Debug|Any CPU.ActiveCfg = Debug|Any CPU
		{0007B3D7-B448-4B8B-977C-5210742B2266}.Debug|Any CPU.Build.0 = Debug|Any CPU
		{0007B3D7-B448-4B8B-977C-5210742B2266}.Release|Any CPU.ActiveCfg = Release|Any CPU
		{0007B3D7-B448-4B8B-977C-5210742B2266}.Release|Any CPU.Build.0 = Release|Any CPU
		{02C89B61-C3E8-4061-A34E-2866DED53F81}.Debug|Any CPU.ActiveCfg = Debug|Any CPU
		{02C89B61-C3E8-4061-A34E-2866DED53F81}.Debug|Any CPU.Build.0 = Debug|Any CPU
		{02C89B61-C3E8-4061-A34E-2866DED53F81}.Release|Any CPU.ActiveCfg = Release|Any CPU
		{02C89B61-C3E8-4061-A34E-2866DED53F81}.Release|Any CPU.Build.0 = Release|Any CPU
		{6678E434-9A1A-47D2-8BCD-4EA88A8F8722}.Debug|Any CPU.ActiveCfg = Debug|Any CPU
		{6678E434-9A1A-47D2-8BCD-4EA88A8F8722}.Debug|Any CPU.Build.0 = Debug|Any CPU
		{6678E434-9A1A-47D2-8BCD-4EA88A8F8722}.Release|Any CPU.ActiveCfg = Release|Any CPU
		{6678E434-9A1A-47D2-8BCD-4EA88A8F8722}.Release|Any CPU.Build.0 = Release|Any CPU
	EndGlobalSection
EndGlobal
